
Microsoft Visual Studio Solution File, Format Version 12.00
# Visual Studio Version 17
VisualStudioVersion = 17.0.32112.339
MinimumVisualStudioVersion = 10.0.40219.1
Project("{9A19103F-16F7-4668-BE54-9A1E7A4F7556}") = "FahrenheitApp", "FahrenheitApp\FahrenheitApp.csproj", "{D1DDCB8A-48CB-4201-AD25-03CD94A87707}"
EndProject
Project("{9A19103F-16F7-4668-BE54-9A1E7A4F7556}") = "UnittestTemperature", "UnittestTemperature\UnittestTemperature.csproj", "{65376E78-E4F0-42EB-A304-C9CF39379F83}"
EndProject
Global
	GlobalSection(SolutionConfigurationPlatforms) = preSolution
		Debug|Any CPU = Debug|Any CPU
		Release|Any CPU = Release|Any CPU
	EndGlobalSection
	GlobalSection(ProjectConfigurationPlatforms) = postSolution
		{D1DDCB8A-48CB-4201-AD25-03CD94A87707}.Debug|Any CPU.ActiveCfg = Debug|Any CPU
		{D1DDCB8A-48CB-4201-AD25-03CD94A87707}.Debug|Any CPU.Build.0 = Debug|Any CPU
		{D1DDCB8A-48CB-4201-AD25-03CD94A87707}.Release|Any CPU.ActiveCfg = Release|Any CPU
		{D1DDCB8A-48CB-4201-AD25-03CD94A87707}.Release|Any CPU.Build.0 = Release|Any CPU
		{65376E78-E4F0-42EB-A304-C9CF39379F83}.Debug|Any CPU.ActiveCfg = Debug|Any CPU
		{65376E78-E4F0-42EB-A304-C9CF39379F83}.Debug|Any CPU.Build.0 = Debug|Any CPU
		{65376E78-E4F0-42EB-A304-C9CF39379F83}.Release|Any CPU.ActiveCfg = Release|Any CPU
		{65376E78-E4F0-42EB-A304-C9CF39379F83}.Release|Any CPU.Build.0 = Release|Any CPU
	EndGlobalSection
	GlobalSection(SolutionProperties) = preSolution
		HideSolutionNode = FALSE
	EndGlobalSection
	GlobalSection(ExtensibilityGlobals) = postSolution
		SolutionGuid = {94860CD6-6BC0-422D-9C18-7140037E1ECE}
	EndGlobalSection
EndGlobal
